
Microsoft Visual Studio Solution File, Format Version 12.00
# Visual Studio Version 18
VisualStudioVersion = 18.8.12023.21
MinimumVisualStudioVersion = 10.0.40219.1
Project("{FAE04EC0-301F-11D3-BF4B-00C04F79EFBC}") = "Pysar.Binding.Tests", "tests\Pysar.Binding.Tests\Pysar.Binding.Tests.csproj", "{A1B2C3D4-E5F6-7890-ABCD-EF1234567890}"
EndProject
Project("{FAE04EC0-301F-11D3-BF4B-00C04F79EFBC}") = "Pysar.Elements.Tests", "tests\Pysar.Elements.Tests\Pysar.Elements.Tests.csproj", "{3AB28FCB-544B-499E-ABDE-66BDBDE49A12}"
EndProject
Project("{FAE04EC0-301F-11D3-BF4B-00C04F79EFBC}") = "Pysar.Skia.Tests", "tests\Pysar.Skia.Tests\Pysar.Skia.Tests.csproj", "{C6D7E8F9-A0B1-2345-CDEF-012345678902}"
EndProject
Project("{2150E333-8FDC-42A3-9474-1A3956D46DE8}") = "Tests", "Tests", "{A7B2F090-FBA0-4AE5-A296-5AC9EC0021D3}"
EndProject
Project("{FAE04EC0-301F-11D3-BF4B-00C04F79EFBC}") = "Pysar.Xaml", "src\Pysar.Xaml\Pysar.Xaml.csproj", "{7AE5EC2C-45DD-4E59-8346-BCDF0D826513}"
EndProject
Project("{FAE04EC0-301F-11D3-BF4B-00C04F79EFBC}") = "Pysar.Xaml.Tests", "tests\Pysar.Xaml.Tests\Pysar.Xaml.Tests.csproj", "{78855E79-E902-4C40-91AA-80767B0DB293}"
EndProject
Project("{FAE04EC0-301F-11D3-BF4B-00C04F79EFBC}") = "Pysar.Xaml.SourceGen", "src\Pysar.Xaml.SourceGen\Pysar.Xaml.SourceGen.csproj", "{FE43AFEB-B3B3-47AD-B8E4-32BDC18F735E}"
EndProject
Project("{FAE04EC0-301F-11D3-BF4B-00C04F79EFBC}") = "Pysar.Xaml.SourceGen.Tests", "tests\Pysar.Xaml.SourceGen.Tests\Pysar.Xaml.SourceGen.Tests.csproj", "{4BF96C39-1E9B-4D63-8C0C-54E3FD9D59F6}"
EndProject
Project("{FAE04EC0-301F-11D3-BF4B-00C04F79EFBC}") = "Pysar.Xaml.CodeBehind.Tests", "tests\Pysar.Xaml.CodeBehind.Tests\Pysar.Xaml.CodeBehind.Tests.csproj", "{FEC6C2BD-4F86-42AC-9DF7-7611AA02B533}"
EndProject
Project("{FAE04EC0-301F-11D3-BF4B-00C04F79EFBC}") = "Pysar.Xaml.Model.Tests", "tests\Pysar.Xaml.Model.Tests\Pysar.Xaml.Model.Tests.csproj", "{7770FD2C-1403-4FDF-B8BB-09FF998A505C}"
EndProject
Project("{FAE04EC0-301F-11D3-BF4B-00C04F79EFBC}") = "Pysar.Maui", "src\Pysar.Maui\Pysar.Maui.csproj", "{E986E89D-6E39-4DBF-8D55-5A7C72BB4172}"
EndProject
Project("{FAE04EC0-301F-11D3-BF4B-00C04F79EFBC}") = "Pysar.Viewer", "src\Pysar.Viewer\Pysar.Viewer.csproj", "{5E5015D7-5C56-40D6-B032-4F43C970C5EE}"
EndProject
Project("{FAE04EC0-301F-11D3-BF4B-00C04F79EFBC}") = "Pysar.Viewer.Tests", "tests\Pysar.Viewer.Tests\Pysar.Viewer.Tests.csproj", "{48C91E41-DBCF-40F4-B775-27D37BA9CABC}"
EndProject
Project("{FAE04EC0-301F-11D3-BF4B-00C04F79EFBC}") = "Pysar.Avalonia", "src\Pysar.Avalonia\Pysar.Avalonia.csproj", "{61D938BD-5BCF-4784-ADAD-6FD609F39103}"
EndProject
Project("{FAE04EC0-301F-11D3-BF4B-00C04F79EFBC}") = "Pysar.Blazor", "src\Pysar.Blazor\Pysar.Blazor.csproj", "{89B8A5A7-FE3A-42E4-A6D7-2A45FF688BFC}"
EndProject
Project("{FAE04EC0-301F-11D3-BF4B-00C04F79EFBC}") = "Pysar.Blazor.Tests", "tests\Pysar.Blazor.Tests\Pysar.Blazor.Tests.csproj", "{44C85BA8-5130-43EC-83AE-D52ACDF9CA47}"
EndProject
Project("{FAE04EC0-301F-11D3-BF4B-00C04F79EFBC}") = "Pysar.Wpf", "src\Pysar.Wpf\Pysar.Wpf.csproj", "{3755286A-20A0-4270-9153-608409972814}"
EndProject
Project("{FAE04EC0-301F-11D3-BF4B-00C04F79EFBC}") = "Pysar.Export.Tests", "tests\Pysar.Export.Tests\Pysar.Export.Tests.csproj", "{C83D50B0-DC43-4934-9193-BA497E0A1D61}"
EndProject
Project("{FAE04EC0-301F-11D3-BF4B-00C04F79EFBC}") = "Pysar", "src\Pysar\Pysar.csproj", "{582E65F4-EFE8-4B24-A313-3BBF85042D90}"
EndProject
Project("{FAE04EC0-301F-11D3-BF4B-00C04F79EFBC}") = "Pysar.Architecture.Tests", "tests\Pysar.Architecture.Tests\Pysar.Architecture.Tests.csproj", "{9EB265C5-25A0-4BE3-8CB0-2BBF619F83F6}"
EndProject
Project("{FAE04EC0-301F-11D3-BF4B-00C04F79EFBC}") = "Pysar.Avalonia.Tests", "tests\Pysar.Avalonia.Tests\Pysar.Avalonia.Tests.csproj", "{B9736B4D-C1FF-4901-849F-E268BCDF5B63}"
EndProject
Project("{FAE04EC0-301F-11D3-BF4B-00C04F79EFBC}") = "Pysar.Wpf.Tests", "tests\Pysar.Wpf.Tests\Pysar.Wpf.Tests.csproj", "{F9044A91-E486-49F3-87BD-9368EF42588D}"
EndProject
Project("{FAE04EC0-301F-11D3-BF4B-00C04F79EFBC}") = "Pysar.Maui.Tests", "tests\Pysar.Maui.Tests\Pysar.Maui.Tests.csproj", "{5E1A6379-FFFD-4F2E-8771-79D87F8FBF92}"
EndProject
Project("{2150E333-8FDC-42A3-9474-1A3956D46DE8}") = "Xaml", "Xaml", "{E243E1FE-344F-49E7-994B-CEEED2B2CE5E}"
EndProject
Project("{2150E333-8FDC-42A3-9474-1A3956D46DE8}") = "Frameworks", "Frameworks", "{EF6B9CE7-8D7A-408E-B795-D6D5C05327CA}"
EndProject
Project("{2150E333-8FDC-42A3-9474-1A3956D46DE8}") = "Core", "Core", "{19BFD788-1EA6-4B46-86D0-48A661DE575B}"
EndProject
Project("{2150E333-8FDC-42A3-9474-1A3956D46DE8}") = "Samples", "Samples", "{38ABC928-0237-473A-8D9C-3F097817EC37}"
EndProject
Project("{FAE04EC0-301F-11D3-BF4B-00C04F79EFBC}") = "Pysar.Console.Sample", "samples\Pysar.Console.Sample\Pysar.Console.Sample.csproj", "{390E7AEF-5B42-4D36-827C-75EAF2E4B85B}"
EndProject
Global
	GlobalSection(SolutionConfigurationPlatforms) = preSolution
		Debug|Any CPU = Debug|Any CPU
		Debug|x64 = Debug|x64
		Debug|x86 = Debug|x86
		Release|Any CPU = Release|Any CPU
		Release|x64 = Release|x64
		Release|x86 = Release|x86
	EndGlobalSection
	GlobalSection(ProjectConfigurationPlatforms) = postSolution
		{A1B2C3D4-E5F6-7890-ABCD-EF1234567890}.Debug|Any CPU.ActiveCfg = Debug|Any CPU
		{A1B2C3D4-E5F6-7890-ABCD-EF1234567890}.Debug|Any CPU.Build.0 = Debug|Any CPU
		{A1B2C3D4-E5F6-7890-ABCD-EF1234567890}.Debug|x64.ActiveCfg = Debug|Any CPU
		{A1B2C3D4-E5F6-7890-ABCD-EF1234567890}.Debug|x64.Build.0 = Debug|Any CPU
		{A1B2C3D4-E5F6-7890-ABCD-EF1234567890}.Debug|x86.ActiveCfg = Debug|Any CPU
		{A1B2C3D4-E5F6-7890-ABCD-EF1234567890}.Debug|x86.Build.0 = Debug|Any CPU
		{A1B2C3D4-E5F6-7890-ABCD-EF1234567890}.Release|Any CPU.ActiveCfg = Release|Any CPU
		{A1B2C3D4-E5F6-7890-ABCD-EF1234567890}.Release|Any CPU.Build.0 = Release|Any CPU
		{A1B2C3D4-E5F6-7890-ABCD-EF1234567890}.Release|x64.ActiveCfg = Release|Any CPU
		{A1B2C3D4-E5F6-7890-ABCD-EF1234567890}.Release|x64.Build.0 = Release|Any CPU
		{A1B2C3D4-E5F6-7890-ABCD-EF1234567890}.Release|x86.ActiveCfg = Release|Any CPU
		{A1B2C3D4-E5F6-7890-ABCD-EF1234567890}.Release|x86.Build.0 = Release|Any CPU
		{3AB28FCB-544B-499E-ABDE-66BDBDE49A12}.Debug|Any CPU.ActiveCfg = Debug|Any CPU
		{3AB28FCB-544B-499E-ABDE-66BDBDE49A12}.Debug|Any CPU.Build.0 = Debug|Any CPU
		{3AB28FCB-544B-499E-ABDE-66BDBDE49A12}.Debug|x64.ActiveCfg = Debug|Any CPU
		{3AB28FCB-544B-499E-ABDE-66BDBDE49A12}.Debug|x64.Build.0 = Debug|Any CPU
		{3AB28FCB-544B-499E-ABDE-66BDBDE49A12}.Debug|x86.ActiveCfg = Debug|Any CPU
		{3AB28FCB-544B-499E-ABDE-66BDBDE49A12}.Debug|x86.Build.0 = Debug|Any CPU
		{3AB28FCB-544B-499E-ABDE-66BDBDE49A12}.Release|Any CPU.ActiveCfg = Release|Any CPU
		{3AB28FCB-544B-499E-ABDE-66BDBDE49A12}.Release|Any CPU.Build.0 = Release|Any CPU
		{3AB28FCB-544B-499E-ABDE-66BDBDE49A12}.Release|x64.ActiveCfg = Release|Any CPU
		{3AB28FCB-544B-499E-ABDE-66BDBDE49A12}.Release|x64.Build.0 = Release|Any CPU
		{3AB28FCB-544B-499E-ABDE-66BDBDE49A12}.Release|x86.ActiveCfg = Release|Any CPU
		{3AB28FCB-544B-499E-ABDE-66BDBDE49A12}.Release|x86.Build.0 = Release|Any CPU
		{C6D7E8F9-A0B1-2345-CDEF-012345678902}.Debug|Any CPU.ActiveCfg = Debug|Any CPU
		{C6D7E8F9-A0B1-2345-CDEF-012345678902}.Debug|Any CPU.Build.0 = Debug|Any CPU
		{C6D7E8F9-A0B1-2345-CDEF-012345678902}.Debug|x64.ActiveCfg = Debug|Any CPU
		{C6D7E8F9-A0B1-2345-CDEF-012345678902}.Debug|x64.Build.0 = Debug|Any CPU
		{C6D7E8F9-A0B1-2345-CDEF-012345678902}.Debug|x86.ActiveCfg = Debug|Any CPU
		{C6D7E8F9-A0B1-2345-CDEF-012345678902}.Debug|x86.Build.0 = Debug|Any CPU
		{C6D7E8F9-A0B1-2345-CDEF-012345678902}.Release|Any CPU.ActiveCfg = Release|Any CPU
		{C6D7E8F9-A0B1-2345-CDEF-012345678902}.Release|Any CPU.Build.0 = Release|Any CPU
		{C6D7E8F9-A0B1-2345-CDEF-012345678902}.Release|x64.ActiveCfg = Release|Any CPU
		{C6D7E8F9-A0B1-2345-CDEF-012345678902}.Release|x64.Build.0 = Release|Any CPU
		{C6D7E8F9-A0B1-2345-CDEF-012345678902}.Release|x86.ActiveCfg = Release|Any CPU
		{C6D7E8F9-A0B1-2345-CDEF-012345678902}.Release|x86.Build.0 = Release|Any CPU
		{7AE5EC2C-45DD-4E59-8346-BCDF0D826513}.Debug|Any CPU.ActiveCfg = Debug|Any CPU
		{7AE5EC2C-45DD-4E59-8346-BCDF0D826513}.Debug|Any CPU.Build.0 = Debug|Any CPU
		{7AE5EC2C-45DD-4E59-8346-BCDF0D826513}.Debug|x64.ActiveCfg = Debug|Any CPU
		{7AE5EC2C-45DD-4E59-8346-BCDF0D826513}.Debug|x64.Build.0 = Debug|Any CPU
		{7AE5EC2C-45DD-4E59-8346-BCDF0D826513}.Debug|x86.ActiveCfg = Debug|Any CPU
		{7AE5EC2C-45DD-4E59-8346-BCDF0D826513}.Debug|x86.Build.0 = Debug|Any CPU
		{7AE5EC2C-45DD-4E59-8346-BCDF0D826513}.Release|Any CPU.ActiveCfg = Release|Any CPU
		{7AE5EC2C-45DD-4E59-8346-BCDF0D826513}.Release|Any CPU.Build.0 = Release|Any CPU
		{7AE5EC2C-45DD-4E59-8346-BCDF0D826513}.Release|x64.ActiveCfg = Release|Any CPU
		{7AE5EC2C-45DD-4E59-8346-BCDF0D826513}.Release|x64.Build.0 = Release|Any CPU
		{7AE5EC2C-45DD-4E59-8346-BCDF0D826513}.Release|x86.ActiveCfg = Release|Any CPU
		{7AE5EC2C-45DD-4E59-8346-BCDF0D826513}.Release|x86.Build.0 = Release|Any CPU
		{78855E79-E902-4C40-91AA-80767B0DB293}.Debug|Any CPU.ActiveCfg = Debug|Any CPU
		{78855E79-E902-4C40-91AA-80767B0DB293}.Debug|Any CPU.Build.0 = Debug|Any CPU
		{78855E79-E902-4C40-91AA-80767B0DB293}.Debug|x64.ActiveCfg = Debug|Any CPU
		{78855E79-E902-4C40-91AA-80767B0DB293}.Debug|x64.Build.0 = Debug|Any CPU
		{78855E79-E902-4C40-91AA-80767B0DB293}.Debug|x86.ActiveCfg = Debug|Any CPU
		{78855E79-E902-4C40-91AA-80767B0DB293}.Debug|x86.Build.0 = Debug|Any CPU
		{78855E79-E902-4C40-91AA-80767B0DB293}.Release|Any CPU.ActiveCfg = Release|Any CPU
		{78855E79-E902-4C40-91AA-80767B0DB293}.Release|Any CPU.Build.0 = Release|Any CPU
		{78855E79-E902-4C40-91AA-80767B0DB293}.Release|x64.ActiveCfg = Release|Any CPU
		{78855E79-E902-4C40-91AA-80767B0DB293}.Release|x64.Build.0 = Release|Any CPU
		{78855E79-E902-4C40-91AA-80767B0DB293}.Release|x86.ActiveCfg = Release|Any CPU
		{78855E79-E902-4C40-91AA-80767B0DB293}.Release|x86.Build.0 = Release|Any CPU
		{FE43AFEB-B3B3-47AD-B8E4-32BDC18F735E}.Debug|Any CPU.ActiveCfg = Debug|Any CPU
		{FE43AFEB-B3B3-47AD-B8E4-32BDC18F735E}.Debug|Any CPU.Build.0 = Debug|Any CPU
		{FE43AFEB-B3B3-47AD-B8E4-32BDC18F735E}.Debug|x64.ActiveCfg = Debug|Any CPU
		{FE43AFEB-B3B3-47AD-B8E4-32BDC18F735E}.Debug|x64.Build.0 = Debug|Any CPU
		{FE43AFEB-B3B3-47AD-B8E4-32BDC18F735E}.Debug|x86.ActiveCfg = Debug|Any CPU
		{FE43AFEB-B3B3-47AD-B8E4-32BDC18F735E}.Debug|x86.Build.0 = Debug|Any CPU
		{FE43AFEB-B3B3-47AD-B8E4-32BDC18F735E}.Release|Any CPU.ActiveCfg = Release|Any CPU
		{FE43AFEB-B3B3-47AD-B8E4-32BDC18F735E}.Release|Any CPU.Build.0 = Release|Any CPU
		{FE43AFEB-B3B3-47AD-B8E4-32BDC18F735E}.Release|x64.ActiveCfg = Release|Any CPU
		{FE43AFEB-B3B3-47AD-B8E4-32BDC18F735E}.Release|x64.Build.0 = Release|Any CPU
		{FE43AFEB-B3B3-47AD-B8E4-32BDC18F735E}.Release|x86.ActiveCfg = Release|Any CPU
		{FE43AFEB-B3B3-47AD-B8E4-32BDC18F735E}.Release|x86.Build.0 = Release|Any CPU
		{4BF96C39-1E9B-4D63-8C0C-54E3FD9D59F6}.Debug|Any CPU.ActiveCfg = Debug|Any CPU
		{4BF96C39-1E9B-4D63-8C0C-54E3FD9D59F6}.Debug|Any CPU.Build.0 = Debug|Any CPU
		{4BF96C39-1E9B-4D63-8C0C-54E3FD9D59F6}.Debug|x64.ActiveCfg = Debug|Any CPU
		{4BF96C39-1E9B-4D63-8C0C-54E3FD9D59F6}.Debug|x64.Build.0 = Debug|Any CPU
		{4BF96C39-1E9B-4D63-8C0C-54E3FD9D59F6}.Debug|x86.ActiveCfg = Debug|Any CPU
		{4BF96C39-1E9B-4D63-8C0C-54E3FD9D59F6}.Debug|x86.Build.0 = Debug|Any CPU
		{4BF96C39-1E9B-4D63-8C0C-54E3FD9D59F6}.Release|Any CPU.ActiveCfg = Release|Any CPU
		{4BF96C39-1E9B-4D63-8C0C-54E3FD9D59F6}.Release|Any CPU.Build.0 = Release|Any CPU
		{4BF96C39-1E9B-4D63-8C0C-54E3FD9D59F6}.Release|x64.ActiveCfg = Release|Any CPU
		{4BF96C39-1E9B-4D63-8C0C-54E3FD9D59F6}.Release|x64.Build.0 = Release|Any CPU
		{4BF96C39-1E9B-4D63-8C0C-54E3FD9D59F6}.Release|x86.ActiveCfg = Release|Any CPU
		{4BF96C39-1E9B-4D63-8C0C-54E3FD9D59F6}.Release|x86.Build.0 = Release|Any CPU
		{FEC6C2BD-4F86-42AC-9DF7-7611AA02B533}.Debug|Any CPU.ActiveCfg = Debug|Any CPU
		{FEC6C2BD-4F86-42AC-9DF7-7611AA02B533}.Debug|Any CPU.Build.0 = Debug|Any CPU
		{FEC6C2BD-4F86-42AC-9DF7-7611AA02B533}.Debug|x64.ActiveCfg = Debug|Any CPU
		{FEC6C2BD-4F86-42AC-9DF7-7611AA02B533}.Debug|x64.Build.0 = Debug|Any CPU
		{FEC6C2BD-4F86-42AC-9DF7-7611AA02B533}.Debug|x86.ActiveCfg = Debug|Any CPU
		{FEC6C2BD-4F86-42AC-9DF7-7611AA02B533}.Debug|x86.Build.0 = Debug|Any CPU
		{FEC6C2BD-4F86-42AC-9DF7-7611AA02B533}.Release|Any CPU.ActiveCfg = Release|Any CPU
		{FEC6C2BD-4F86-42AC-9DF7-7611AA02B533}.Release|Any CPU.Build.0 = Release|Any CPU
		{FEC6C2BD-4F86-42AC-9DF7-7611AA02B533}.Release|x64.ActiveCfg = Release|Any CPU
		{FEC6C2BD-4F86-42AC-9DF7-7611AA02B533}.Release|x64.Build.0 = Release|Any CPU
		{FEC6C2BD-4F86-42AC-9DF7-7611AA02B533}.Release|x86.ActiveCfg = Release|Any CPU
		{FEC6C2BD-4F86-42AC-9DF7-7611AA02B533}.Release|x86.Build.0 = Release|Any CPU
		{7770FD2C-1403-4FDF-B8BB-09FF998A505C}.Debug|Any CPU.ActiveCfg = Debug|Any CPU
		{7770FD2C-1403-4FDF-B8BB-09FF998A505C}.Debug|Any CPU.Build.0 = Debug|Any CPU
		{7770FD2C-1403-4FDF-B8BB-09FF998A505C}.Debug|x64.ActiveCfg = Debug|Any CPU
		{7770FD2C-1403-4FDF-B8BB-09FF998A505C}.Debug|x64.Build.0 = Debug|Any CPU
		{7770FD2C-1403-4FDF-B8BB-09FF998A505C}.Debug|x86.ActiveCfg = Debug|Any CPU
		{7770FD2C-1403-4FDF-B8BB-09FF998A505C}.Debug|x86.Build.0 = Debug|Any CPU
		{7770FD2C-1403-4FDF-B8BB-09FF998A505C}.Release|Any CPU.ActiveCfg = Release|Any CPU
		{7770FD2C-1403-4FDF-B8BB-09FF998A505C}.Release|Any CPU.Build.0 = Release|Any CPU
		{7770FD2C-1403-4FDF-B8BB-09FF998A505C}.Release|x64.ActiveCfg = Release|Any CPU
		{7770FD2C-1403-4FDF-B8BB-09FF998A505C}.Release|x64.Build.0 = Release|Any CPU
		{7770FD2C-1403-4FDF-B8BB-09FF998A505C}.Release|x86.ActiveCfg = Release|Any CPU
		{7770FD2C-1403-4FDF-B8BB-09FF998A505C}.Release|x86.Build.0 = Release|Any CPU
		{E986E89D-6E39-4DBF-8D55-5A7C72BB4172}.Debug|Any CPU.ActiveCfg = Debug|Any CPU
		{E986E89D-6E39-4DBF-8D55-5A7C72BB4172}.Debug|Any CPU.Build.0 = Debug|Any CPU
		{E986E89D-6E39-4DBF-8D55-5A7C72BB4172}.Debug|x64.ActiveCfg = Debug|Any CPU
		{E986E89D-6E39-4DBF-8D55-5A7C72BB4172}.Debug|x64.Build.0 = Debug|Any CPU
		{E986E89D-6E39-4DBF-8D55-5A7C72BB4172}.Debug|x86.ActiveCfg = Debug|Any CPU
		{E986E89D-6E39-4DBF-8D55-5A7C72BB4172}.Debug|x86.Build.0 = Debug|Any CPU
		{E986E89D-6E39-4DBF-8D55-5A7C72BB4172}.Release|Any CPU.ActiveCfg = Release|Any CPU
		{E986E89D-6E39-4DBF-8D55-5A7C72BB4172}.Release|Any CPU.Build.0 = Release|Any CPU
		{E986E89D-6E39-4DBF-8D55-5A7C72BB4172}.Release|x64.ActiveCfg = Release|Any CPU
		{E986E89D-6E39-4DBF-8D55-5A7C72BB4172}.Release|x64.Build.0 = Release|Any CPU
		{E986E89D-6E39-4DBF-8D55-5A7C72BB4172}.Release|x86.ActiveCfg = Release|Any CPU
		{E986E89D-6E39-4DBF-8D55-5A7C72BB4172}.Release|x86.Build.0 = Release|Any CPU
		{5E5015D7-5C56-40D6-B032-4F43C970C5EE}.Debug|Any CPU.ActiveCfg = Debug|Any CPU
		{5E5015D7-5C56-40D6-B032-4F43C970C5EE}.Debug|Any CPU.Build.0 = Debug|Any CPU
		{5E5015D7-5C56-40D6-B032-4F43C970C5EE}.Debug|x64.ActiveCfg = Debug|Any CPU
		{5E5015D7-5C56-40D6-B032-4F43C970C5EE}.Debug|x64.Build.0 = Debug|Any CPU
		{5E5015D7-5C56-40D6-B032-4F43C970C5EE}.Debug|x86.ActiveCfg = Debug|Any CPU
		{5E5015D7-5C56-40D6-B032-4F43C970C5EE}.Debug|x86.Build.0 = Debug|Any CPU
		{5E5015D7-5C56-40D6-B032-4F43C970C5EE}.Release|Any CPU.ActiveCfg = Release|Any CPU
		{5E5015D7-5C56-40D6-B032-4F43C970C5EE}.Release|Any CPU.Build.0 = Release|Any CPU
		{5E5015D7-5C56-40D6-B032-4F43C970C5EE}.Release|x64.ActiveCfg = Release|Any CPU
		{5E5015D7-5C56-40D6-B032-4F43C970C5EE}.Release|x64.Build.0 = Release|Any CPU
		{5E5015D7-5C56-40D6-B032-4F43C970C5EE}.Release|x86.ActiveCfg = Release|Any CPU
		{5E5015D7-5C56-40D6-B032-4F43C970C5EE}.Release|x86.Build.0 = Release|Any CPU
		{48C91E41-DBCF-40F4-B775-27D37BA9CABC}.Debug|Any CPU.ActiveCfg = Debug|Any CPU
		{48C91E41-DBCF-40F4-B775-27D37BA9CABC}.Debug|Any CPU.Build.0 = Debug|Any CPU
		{48C91E41-DBCF-40F4-B775-27D37BA9CABC}.Debug|x64.ActiveCfg = Debug|Any CPU
		{48C91E41-DBCF-40F4-B775-27D37BA9CABC}.Debug|x64.Build.0 = Debug|Any CPU
		{48C91E41-DBCF-40F4-B775-27D37BA9CABC}.Debug|x86.ActiveCfg = Debug|Any CPU
		{48C91E41-DBCF-40F4-B775-27D37BA9CABC}.Debug|x86.Build.0 = Debug|Any CPU
		{48C91E41-DBCF-40F4-B775-27D37BA9CABC}.Release|Any CPU.ActiveCfg = Release|Any CPU
		{48C91E41-DBCF-40F4-B775-27D37BA9CABC}.Release|Any CPU.Build.0 = Release|Any CPU
		{48C91E41-DBCF-40F4-B775-27D37BA9CABC}.Release|x64.ActiveCfg = Release|Any CPU
		{48C91E41-DBCF-40F4-B775-27D37BA9CABC}.Release|x64.Build.0 = Release|Any CPU
		{48C91E41-DBCF-40F4-B775-27D37BA9CABC}.Release|x86.ActiveCfg = Release|Any CPU
		{48C91E41-DBCF-40F4-B775-27D37BA9CABC}.Release|x86.Build.0 = Release|Any CPU
		{61D938BD-5BCF-4784-ADAD-6FD609F39103}.Debug|Any CPU.ActiveCfg = Debug|Any CPU
		{61D938BD-5BCF-4784-ADAD-6FD609F39103}.Debug|Any CPU.Build.0 = Debug|Any CPU
		{61D938BD-5BCF-4784-ADAD-6FD609F39103}.Debug|x64.ActiveCfg = Debug|Any CPU
		{61D938BD-5BCF-4784-ADAD-6FD609F39103}.Debug|x64.Build.0 = Debug|Any CPU
		{61D938BD-5BCF-4784-ADAD-6FD609F39103}.Debug|x86.ActiveCfg = Debug|Any CPU
		{61D938BD-5BCF-4784-ADAD-6FD609F39103}.Debug|x86.Build.0 = Debug|Any CPU
		{61D938BD-5BCF-4784-ADAD-6FD609F39103}.Release|Any CPU.ActiveCfg = Release|Any CPU
		{61D938BD-5BCF-4784-ADAD-6FD609F39103}.Release|Any CPU.Build.0 = Release|Any CPU
		{61D938BD-5BCF-4784-ADAD-6FD609F39103}.Release|x64.ActiveCfg = Release|Any CPU
		{61D938BD-5BCF-4784-ADAD-6FD609F39103}.Release|x64.Build.0 = Release|Any CPU
		{61D938BD-5BCF-4784-ADAD-6FD609F39103}.Release|x86.ActiveCfg = Release|Any CPU
		{61D938BD-5BCF-4784-ADAD-6FD609F39103}.Release|x86.Build.0 = Release|Any CPU
		{89B8A5A7-FE3A-42E4-A6D7-2A45FF688BFC}.Debug|Any CPU.ActiveCfg = Debug|Any CPU
		{89B8A5A7-FE3A-42E4-A6D7-2A45FF688BFC}.Debug|Any CPU.Build.0 = Debug|Any CPU
		{89B8A5A7-FE3A-42E4-A6D7-2A45FF688BFC}.Debug|x64.ActiveCfg = Debug|Any CPU
		{89B8A5A7-FE3A-42E4-A6D7-2A45FF688BFC}.Debug|x64.Build.0 = Debug|Any CPU
		{89B8A5A7-FE3A-42E4-A6D7-2A45FF688BFC}.Debug|x86.ActiveCfg = Debug|Any CPU
		{89B8A5A7-FE3A-42E4-A6D7-2A45FF688BFC}.Debug|x86.Build.0 = Debug|Any CPU
		{89B8A5A7-FE3A-42E4-A6D7-2A45FF688BFC}.Release|Any CPU.ActiveCfg = Release|Any CPU
		{89B8A5A7-FE3A-42E4-A6D7-2A45FF688BFC}.Release|Any CPU.Build.0 = Release|Any CPU
		{89B8A5A7-FE3A-42E4-A6D7-2A45FF688BFC}.Release|x64.ActiveCfg = Release|Any CPU
		{89B8A5A7-FE3A-42E4-A6D7-2A45FF688BFC}.Release|x64.Build.0 = Release|Any CPU
		{89B8A5A7-FE3A-42E4-A6D7-2A45FF688BFC}.Release|x86.ActiveCfg = Release|Any CPU
		{89B8A5A7-FE3A-42E4-A6D7-2A45FF688BFC}.Release|x86.Build.0 = Release|Any CPU
		{44C85BA8-5130-43EC-83AE-D52ACDF9CA47}.Debug|Any CPU.ActiveCfg = Debug|Any CPU
		{44C85BA8-5130-43EC-83AE-D52ACDF9CA47}.Debug|Any CPU.Build.0 = Debug|Any CPU
		{44C85BA8-5130-43EC-83AE-D52ACDF9CA47}.Debug|x64.ActiveCfg = Debug|Any CPU
		{44C85BA8-5130-43EC-83AE-D52ACDF9CA47}.Debug|x64.Build.0 = Debug|Any CPU
		{44C85BA8-5130-43EC-83AE-D52ACDF9CA47}.Debug|x86.ActiveCfg = Debug|Any CPU
		{44C85BA8-5130-43EC-83AE-D52ACDF9CA47}.Debug|x86.Build.0 = Debug|Any CPU
		{44C85BA8-5130-43EC-83AE-D52ACDF9CA47}.Release|Any CPU.ActiveCfg = Release|Any CPU
		{44C85BA8-5130-43EC-83AE-D52ACDF9CA47}.Release|Any CPU.Build.0 = Release|Any CPU
		{44C85BA8-5130-43EC-83AE-D52ACDF9CA47}.Release|x64.ActiveCfg = Release|Any CPU
		{44C85BA8-5130-43EC-83AE-D52ACDF9CA47}.Release|x64.Build.0 = Release|Any CPU
		{44C85BA8-5130-43EC-83AE-D52ACDF9CA47}.Release|x86.ActiveCfg = Release|Any CPU
		{44C85BA8-5130-43EC-83AE-D52ACDF9CA47}.Release|x86.Build.0 = Release|Any CPU
		{3755286A-20A0-4270-9153-608409972814}.Debug|Any CPU.ActiveCfg = Debug|Any CPU
		{3755286A-20A0-4270-9153-608409972814}.Debug|Any CPU.Build.0 = Debug|Any CPU
		{3755286A-20A0-4270-9153-608409972814}.Debug|x64.ActiveCfg = Debug|Any CPU
		{3755286A-20A0-4270-9153-608409972814}.Debug|x64.Build.0 = Debug|Any CPU
		{3755286A-20A0-4270-9153-608409972814}.Debug|x86.ActiveCfg = Debug|Any CPU
		{3755286A-20A0-4270-9153-608409972814}.Debug|x86.Build.0 = Debug|Any CPU
		{3755286A-20A0-4270-9153-608409972814}.Release|Any CPU.ActiveCfg = Release|Any CPU
		{3755286A-20A0-4270-9153-608409972814}.Release|Any CPU.Build.0 = Release|Any CPU
		{3755286A-20A0-4270-9153-608409972814}.Release|x64.ActiveCfg = Release|Any CPU
		{3755286A-20A0-4270-9153-608409972814}.Release|x64.Build.0 = Release|Any CPU
		{3755286A-20A0-4270-9153-608409972814}.Release|x86.ActiveCfg = Release|Any CPU
		{3755286A-20A0-4270-9153-608409972814}.Release|x86.Build.0 = Release|Any CPU
		{C83D50B0-DC43-4934-9193-BA497E0A1D61}.Debug|Any CPU.ActiveCfg = Debug|Any CPU
		{C83D50B0-DC43-4934-9193-BA497E0A1D61}.Debug|Any CPU.Build.0 = Debug|Any CPU
		{C83D50B0-DC43-4934-9193-BA497E0A1D61}.Debug|x64.ActiveCfg = Debug|Any CPU
		{C83D50B0-DC43-4934-9193-BA497E0A1D61}.Debug|x64.Build.0 = Debug|Any CPU
		{C83D50B0-DC43-4934-9193-BA497E0A1D61}.Debug|x86.ActiveCfg = Debug|Any CPU
		{C83D50B0-DC43-4934-9193-BA497E0A1D61}.Debug|x86.Build.0 = Debug|Any CPU
		{C83D50B0-DC43-4934-9193-BA497E0A1D61}.Release|Any CPU.ActiveCfg = Release|Any CPU
		{C83D50B0-DC43-4934-9193-BA497E0A1D61}.Release|Any CPU.Build.0 = Release|Any CPU
		{C83D50B0-DC43-4934-9193-BA497E0A1D61}.Release|x64.ActiveCfg = Release|Any CPU
		{C83D50B0-DC43-4934-9193-BA497E0A1D61}.Release|x64.Build.0 = Release|Any CPU
		{C83D50B0-DC43-4934-9193-BA497E0A1D61}.Release|x86.ActiveCfg = Release|Any CPU
		{C83D50B0-DC43-4934-9193-BA497E0A1D61}.Release|x86.Build.0 = Release|Any CPU
		{582E65F4-EFE8-4B24-A313-3BBF85042D90}.Debug|Any CPU.ActiveCfg = Debug|Any CPU
		{582E65F4-EFE8-4B24-A313-3BBF85042D90}.Debug|Any CPU.Build.0 = Debug|Any CPU
		{582E65F4-EFE8-4B24-A313-3BBF85042D90}.Debug|x64.ActiveCfg = Debug|Any CPU
		{582E65F4-EFE8-4B24-A313-3BBF85042D90}.Debug|x64.Build.0 = Debug|Any CPU
		{582E65F4-EFE8-4B24-A313-3BBF85042D90}.Debug|x86.ActiveCfg = Debug|Any CPU
		{582E65F4-EFE8-4B24-A313-3BBF85042D90}.Debug|x86.Build.0 = Debug|Any CPU
		{582E65F4-EFE8-4B24-A313-3BBF85042D90}.Release|Any CPU.ActiveCfg = Release|Any CPU
		{582E65F4-EFE8-4B24-A313-3BBF85042D90}.Release|Any CPU.Build.0 = Release|Any CPU
		{582E65F4-EFE8-4B24-A313-3BBF85042D90}.Release|x64.ActiveCfg = Release|Any CPU
		{582E65F4-EFE8-4B24-A313-3BBF85042D90}.Release|x64.Build.0 = Release|Any CPU
		{582E65F4-EFE8-4B24-A313-3BBF85042D90}.Release|x86.ActiveCfg = Release|Any CPU
		{582E65F4-EFE8-4B24-A313-3BBF85042D90}.Release|x86.Build.0 = Release|Any CPU
		{9EB265C5-25A0-4BE3-8CB0-2BBF619F83F6}.Debug|Any CPU.ActiveCfg = Debug|Any CPU
		{9EB265C5-25A0-4BE3-8CB0-2BBF619F83F6}.Debug|Any CPU.Build.0 = Debug|Any CPU
		{9EB265C5-25A0-4BE3-8CB0-2BBF619F83F6}.Debug|x64.ActiveCfg = Debug|Any CPU
		{9EB265C5-25A0-4BE3-8CB0-2BBF619F83F6}.Debug|x64.Build.0 = Debug|Any CPU
		{9EB265C5-25A0-4BE3-8CB0-2BBF619F83F6}.Debug|x86.ActiveCfg = Debug|Any CPU
		{9EB265C5-25A0-4BE3-8CB0-2BBF619F83F6}.Debug|x86.Build.0 = Debug|Any CPU
		{9EB265C5-25A0-4BE3-8CB0-2BBF619F83F6}.Release|Any CPU.ActiveCfg = Release|Any CPU
		{9EB265C5-25A0-4BE3-8CB0-2BBF619F83F6}.Release|Any CPU.Build.0 = Release|Any CPU
		{9EB265C5-25A0-4BE3-8CB0-2BBF619F83F6}.Release|x64.ActiveCfg = Release|Any CPU
		{9EB265C5-25A0-4BE3-8CB0-2BBF619F83F6}.Release|x64.Build.0 = Release|Any CPU
		{9EB265C5-25A0-4BE3-8CB0-2BBF619F83F6}.Release|x86.ActiveCfg = Release|Any CPU
		{9EB265C5-25A0-4BE3-8CB0-2BBF619F83F6}.Release|x86.Build.0 = Release|Any CPU
		{B9736B4D-C1FF-4901-849F-E268BCDF5B63}.Debug|Any CPU.ActiveCfg = Debug|Any CPU
		{B9736B4D-C1FF-4901-849F-E268BCDF5B63}.Debug|Any CPU.Build.0 = Debug|Any CPU
		{B9736B4D-C1FF-4901-849F-E268BCDF5B63}.Debug|x64.ActiveCfg = Debug|Any CPU
		{B9736B4D-C1FF-4901-849F-E268BCDF5B63}.Debug|x64.Build.0 = Debug|Any CPU
		{B9736B4D-C1FF-4901-849F-E268BCDF5B63}.Debug|x86.ActiveCfg = Debug|Any CPU
		{B9736B4D-C1FF-4901-849F-E268BCDF5B63}.Debug|x86.Build.0 = Debug|Any CPU
		{B9736B4D-C1FF-4901-849F-E268BCDF5B63}.Release|Any CPU.ActiveCfg = Release|Any CPU
		{B9736B4D-C1FF-4901-849F-E268BCDF5B63}.Release|Any CPU.Build.0 = Release|Any CPU
		{B9736B4D-C1FF-4901-849F-E268BCDF5B63}.Release|x64.ActiveCfg = Release|Any CPU
		{B9736B4D-C1FF-4901-849F-E268BCDF5B63}.Release|x64.Build.0 = Release|Any CPU
		{B9736B4D-C1FF-4901-849F-E268BCDF5B63}.Release|x86.ActiveCfg = Release|Any CPU
		{B9736B4D-C1FF-4901-849F-E268BCDF5B63}.Release|x86.Build.0 = Release|Any CPU
		{F9044A91-E486-49F3-87BD-9368EF42588D}.Debug|Any CPU.ActiveCfg = Debug|Any CPU
		{F9044A91-E486-49F3-87BD-9368EF42588D}.Debug|Any CPU.Build.0 = Debug|Any CPU
		{F9044A91-E486-49F3-87BD-9368EF42588D}.Debug|x64.ActiveCfg = Debug|Any CPU
		{F9044A91-E486-49F3-87BD-9368EF42588D}.Debug|x64.Build.0 = Debug|Any CPU
		{F9044A91-E486-49F3-87BD-9368EF42588D}.Debug|x86.ActiveCfg = Debug|Any CPU
		{F9044A91-E486-49F3-87BD-9368EF42588D}.Debug|x86.Build.0 = Debug|Any CPU
		{F9044A91-E486-49F3-87BD-9368EF42588D}.Release|Any CPU.ActiveCfg = Release|Any CPU
		{F9044A91-E486-49F3-87BD-9368EF42588D}.Release|Any CPU.Build.0 = Release|Any CPU
		{F9044A91-E486-49F3-87BD-9368EF42588D}.Release|x64.ActiveCfg = Release|Any CPU
		{F9044A91-E486-49F3-87BD-9368EF42588D}.Release|x64.Build.0 = Release|Any CPU
		{F9044A91-E486-49F3-87BD-9368EF42588D}.Release|x86.ActiveCfg = Release|Any CPU
		{F9044A91-E486-49F3-87BD-9368EF42588D}.Release|x86.Build.0 = Release|Any CPU
		{5E1A6379-FFFD-4F2E-8771-79D87F8FBF92}.Debug|Any CPU.ActiveCfg = Debug|Any CPU
		{5E1A6379-FFFD-4F2E-8771-79D87F8FBF92}.Debug|Any CPU.Build.0 = Debug|Any CPU
		{5E1A6379-FFFD-4F2E-8771-79D87F8FBF92}.Debug|x64.ActiveCfg = Debug|Any CPU
		{5E1A6379-FFFD-4F2E-8771-79D87F8FBF92}.Debug|x64.Build.0 = Debug|Any CPU
		{5E1A6379-FFFD-4F2E-8771-79D87F8FBF92}.Debug|x86.ActiveCfg = Debug|Any CPU
		{5E1A6379-FFFD-4F2E-8771-79D87F8FBF92}.Debug|x86.Build.0 = Debug|Any CPU
		{5E1A6379-FFFD-4F2E-8771-79D87F8FBF92}.Release|Any CPU.ActiveCfg = Release|Any CPU
		{5E1A6379-FFFD-4F2E-8771-79D87F8FBF92}.Release|Any CPU.Build.0 = Release|Any CPU
		{5E1A6379-FFFD-4F2E-8771-79D87F8FBF92}.Release|x64.ActiveCfg = Release|Any CPU
		{5E1A6379-FFFD-4F2E-8771-79D87F8FBF92}.Release|x64.Build.0 = Release|Any CPU
		{5E1A6379-FFFD-4F2E-8771-79D87F8FBF92}.Release|x86.ActiveCfg = Release|Any CPU
		{5E1A6379-FFFD-4F2E-8771-79D87F8FBF92}.Release|x86.Build.0 = Release|Any CPU
		{390E7AEF-5B42-4D36-827C-75EAF2E4B85B}.Debug|Any CPU.ActiveCfg = Debug|Any CPU
		{390E7AEF-5B42-4D36-827C-75EAF2E4B85B}.Debug|Any CPU.Build.0 = Debug|Any CPU
		{390E7AEF-5B42-4D36-827C-75EAF2E4B85B}.Debug|x64.ActiveCfg = Debug|Any CPU
		{390E7AEF-5B42-4D36-827C-75EAF2E4B85B}.Debug|x64.Build.0 = Debug|Any CPU
		{390E7AEF-5B42-4D36-827C-75EAF2E4B85B}.Debug|x86.ActiveCfg = Debug|Any CPU
		{390E7AEF-5B42-4D36-827C-75EAF2E4B85B}.Debug|x86.Build.0 = Debug|Any CPU
		{390E7AEF-5B42-4D36-827C-75EAF2E4B85B}.Release|Any CPU.ActiveCfg = Release|Any CPU
		{390E7AEF-5B42-4D36-827C-75EAF2E4B85B}.Release|Any CPU.Build.0 = Release|Any CPU
		{390E7AEF-5B42-4D36-827C-75EAF2E4B85B}.Release|x64.ActiveCfg = Release|Any CPU
		{390E7AEF-5B42-4D36-827C-75EAF2E4B85B}.Release|x64.Build.0 = Release|Any CPU
		{390E7AEF-5B42-4D36-827C-75EAF2E4B85B}.Release|x86.ActiveCfg = Release|Any CPU
		{390E7AEF-5B42-4D36-827C-75EAF2E4B85B}.Release|x86.Build.0 = Release|Any CPU
	EndGlobalSection
	GlobalSection(SolutionProperties) = preSolution
		HideSolutionNode = FALSE
	EndGlobalSection
	GlobalSection(NestedProjects) = preSolution
		{A1B2C3D4-E5F6-7890-ABCD-EF1234567890} = {A7B2F090-FBA0-4AE5-A296-5AC9EC0021D3}
		{3AB28FCB-544B-499E-ABDE-66BDBDE49A12} = {A7B2F090-FBA0-4AE5-A296-5AC9EC0021D3}
		{C6D7E8F9-A0B1-2345-CDEF-012345678902} = {A7B2F090-FBA0-4AE5-A296-5AC9EC0021D3}
		{78855E79-E902-4C40-91AA-80767B0DB293} = {A7B2F090-FBA0-4AE5-A296-5AC9EC0021D3}
		{4BF96C39-1E9B-4D63-8C0C-54E3FD9D59F6} = {A7B2F090-FBA0-4AE5-A296-5AC9EC0021D3}
		{FEC6C2BD-4F86-42AC-9DF7-7611AA02B533} = {A7B2F090-FBA0-4AE5-A296-5AC9EC0021D3}
		{7770FD2C-1403-4FDF-B8BB-09FF998A505C} = {A7B2F090-FBA0-4AE5-A296-5AC9EC0021D3}
		{48C91E41-DBCF-40F4-B775-27D37BA9CABC} = {A7B2F090-FBA0-4AE5-A296-5AC9EC0021D3}
		{44C85BA8-5130-43EC-83AE-D52ACDF9CA47} = {A7B2F090-FBA0-4AE5-A296-5AC9EC0021D3}
		{C83D50B0-DC43-4934-9193-BA497E0A1D61} = {A7B2F090-FBA0-4AE5-A296-5AC9EC0021D3}
		{9EB265C5-25A0-4BE3-8CB0-2BBF619F83F6} = {A7B2F090-FBA0-4AE5-A296-5AC9EC0021D3}
		{B9736B4D-C1FF-4901-849F-E268BCDF5B63} = {A7B2F090-FBA0-4AE5-A296-5AC9EC0021D3}
		{F9044A91-E486-49F3-87BD-9368EF42588D} = {A7B2F090-FBA0-4AE5-A296-5AC9EC0021D3}
		{5E1A6379-FFFD-4F2E-8771-79D87F8FBF92} = {A7B2F090-FBA0-4AE5-A296-5AC9EC0021D3}
		{7AE5EC2C-45DD-4E59-8346-BCDF0D826513} = {E243E1FE-344F-49E7-994B-CEEED2B2CE5E}
		{FE43AFEB-B3B3-47AD-B8E4-32BDC18F735E} = {E243E1FE-344F-49E7-994B-CEEED2B2CE5E}
		{61D938BD-5BCF-4784-ADAD-6FD609F39103} = {EF6B9CE7-8D7A-408E-B795-D6D5C05327CA}
		{89B8A5A7-FE3A-42E4-A6D7-2A45FF688BFC} = {EF6B9CE7-8D7A-408E-B795-D6D5C05327CA}
		{E986E89D-6E39-4DBF-8D55-5A7C72BB4172} = {EF6B9CE7-8D7A-408E-B795-D6D5C05327CA}
		{3755286A-20A0-4270-9153-608409972814} = {EF6B9CE7-8D7A-408E-B795-D6D5C05327CA}
		{582E65F4-EFE8-4B24-A313-3BBF85042D90} = {19BFD788-1EA6-4B46-86D0-48A661DE575B}
		{5E5015D7-5C56-40D6-B032-4F43C970C5EE} = {19BFD788-1EA6-4B46-86D0-48A661DE575B}
		{390E7AEF-5B42-4D36-827C-75EAF2E4B85B} = {38ABC928-0237-473A-8D9C-3F097817EC37}
	EndGlobalSection
	GlobalSection(ExtensibilityGlobals) = postSolution
		SolutionGuid = {1640AD37-C537-4958-B0A6-C1E4E5F0B956}
	EndGlobalSection
EndGlobal
